
Microsoft Visual Studio Solution File, Format Version 12.00
# Visual Studio 15
VisualStudioVersion = 15.0.33026.149
MinimumVisualStudioVersion = 10.0.40219.1
Project("{FAE04EC0-301F-11D3-BF4B-00C04F79EFBC}") = "SalesWebMvc", "SalesWebMvc\SalesWebMvc.csproj", "{E359814C-24C4-41EB-949D-914731952F20}"
EndProject
Global
	GlobalSection(SolutionConfigurationPlatforms) = preSolution
		Debug|Any CPU = Debug|Any CPU
		Release|Any CPU = Release|Any CPU
	EndGlobalSection
	GlobalSection(ProjectConfigurationPlatforms) = postSolution
		{E359814C-24C4-41EB-949D-914731952F20}.Debug|Any CPU.ActiveCfg = Debug|Any CPU
		{E359814C-24C4-41EB-949D-914731952F20}.Debug|Any CPU.Build.0 = Debug|Any CPU
		{E359814C-24C4-41EB-949D-914731952F20}.Release|Any CPU.ActiveCfg = Release|Any CPU
		{E359814C-24C4-41EB-949D-914731952F20}.Release|Any CPU.Build.0 = Release|Any CPU
	EndGlobalSection
	GlobalSection(SolutionProperties) = preSolution
		HideSolutionNode = FALSE
	EndGlobalSection
	GlobalSection(ExtensibilityGlobals) = postSolution
		SolutionGuid = {67D9E731-1E55-4F21-933A-2AC9A8E42D52}
	EndGlobalSection
EndGlobal
